
Microsoft Visual Studio Solution File, Format Version 12.00
# Visual Studio 15
VisualStudioVersion = 15.0.28307.852
MinimumVisualStudioVersion = 10.0.40219.1
Project("{FAE04EC0-301F-11D3-BF4B-00C04F79EFBC}") = "Box of T", "Box of T\Box of T.csproj", "{5DEE14AE-CC45-412B-AC89-10FC367363B0}"
EndProject
Global
	GlobalSection(SolutionConfigurationPlatforms) = preSolution
		Debug|Any CPU = Debug|Any CPU
		Release|Any CPU = Release|Any CPU
	EndGlobalSection
	GlobalSection(ProjectConfigurationPlatforms) = postSolution
		{5DEE14AE-CC45-412B-AC89-10FC367363B0}.Debug|Any CPU.ActiveCfg = Debug|Any CPU
		{5DEE14AE-CC45-412B-AC89-10FC367363B0}.Debug|Any CPU.Build.0 = Debug|Any CPU
		{5DEE14AE-CC45-412B-AC89-10FC367363B0}.Release|Any CPU.ActiveCfg = Release|Any CPU
		{5DEE14AE-CC45-412B-AC89-10FC367363B0}.Release|Any CPU.Build.0 = Release|Any CPU
	EndGlobalSection
	GlobalSection(SolutionProperties) = preSolution
		HideSolutionNode = FALSE
	EndGlobalSection
	GlobalSection(ExtensibilityGlobals) = postSolution
		SolutionGuid = {14681D40-C49B-4232-95F4-50458D9ACD28}
	EndGlobalSection
EndGlobal
