
Microsoft Visual Studio Solution File, Format Version 12.00
# Visual Studio 15
VisualStudioVersion = 15.0.28307.329
MinimumVisualStudioVersion = 10.0.40219.1
Project("{FAE04EC0-301F-11D3-BF4B-00C04F79EFBC}") = "Directory Traversal", "Directory Traversal\Directory Traversal.csproj", "{D2CB40C2-2FCF-49BA-AC1C-D0332DDBED89}"
EndProject
Global
	GlobalSection(SolutionConfigurationPlatforms) = preSolution
		Debug|Any CPU = Debug|Any CPU
		Release|Any CPU = Release|Any CPU
	EndGlobalSection
	GlobalSection(ProjectConfigurationPlatforms) = postSolution
		{D2CB40C2-2FCF-49BA-AC1C-D0332DDBED89}.Debug|Any CPU.ActiveCfg = Debug|Any CPU
		{D2CB40C2-2FCF-49BA-AC1C-D0332DDBED89}.Debug|Any CPU.Build.0 = Debug|Any CPU
		{D2CB40C2-2FCF-49BA-AC1C-D0332DDBED89}.Release|Any CPU.ActiveCfg = Release|Any CPU
		{D2CB40C2-2FCF-49BA-AC1C-D0332DDBED89}.Release|Any CPU.Build.0 = Release|Any CPU
	EndGlobalSection
	GlobalSection(SolutionProperties) = preSolution
		HideSolutionNode = FALSE
	EndGlobalSection
	GlobalSection(ExtensibilityGlobals) = postSolution
		SolutionGuid = {F631BF69-EF52-48EE-8F25-F99B0F66983F}
	EndGlobalSection
EndGlobal
