
Microsoft Visual Studio Solution File, Format Version 12.00
# Visual Studio 15
VisualStudioVersion = 15.0.28307.329
MinimumVisualStudioVersion = 10.0.40219.1
Project("{FAE04EC0-301F-11D3-BF4B-00C04F79EFBC}") = "SoftUni Party", "SoftUni Party\SoftUni Party.csproj", "{26D230DE-F1A0-4DC4-ABDF-E1516D0744D1}"
EndProject
Global
	GlobalSection(SolutionConfigurationPlatforms) = preSolution
		Debug|Any CPU = Debug|Any CPU
		Release|Any CPU = Release|Any CPU
	EndGlobalSection
	GlobalSection(ProjectConfigurationPlatforms) = postSolution
		{26D230DE-F1A0-4DC4-ABDF-E1516D0744D1}.Debug|Any CPU.ActiveCfg = Debug|Any CPU
		{26D230DE-F1A0-4DC4-ABDF-E1516D0744D1}.Debug|Any CPU.Build.0 = Debug|Any CPU
		{26D230DE-F1A0-4DC4-ABDF-E1516D0744D1}.Release|Any CPU.ActiveCfg = Release|Any CPU
		{26D230DE-F1A0-4DC4-ABDF-E1516D0744D1}.Release|Any CPU.Build.0 = Release|Any CPU
	EndGlobalSection
	GlobalSection(SolutionProperties) = preSolution
		HideSolutionNode = FALSE
	EndGlobalSection
	GlobalSection(ExtensibilityGlobals) = postSolution
		SolutionGuid = {C410CF4C-11C4-4C4A-B074-AF62B20023F3}
	EndGlobalSection
EndGlobal
