
Microsoft Visual Studio Solution File, Format Version 12.00
# Visual Studio 15
VisualStudioVersion = 15.0.28307.329
MinimumVisualStudioVersion = 10.0.40219.1
Project("{FAE04EC0-301F-11D3-BF4B-00C04F79EFBC}") = "Race", "Race\Race.csproj", "{3B55B37D-CC02-4AC0-9F60-61C3DC953D87}"
EndProject
Global
	GlobalSection(SolutionConfigurationPlatforms) = preSolution
		Debug|Any CPU = Debug|Any CPU
		Release|Any CPU = Release|Any CPU
	EndGlobalSection
	GlobalSection(ProjectConfigurationPlatforms) = postSolution
		{3B55B37D-CC02-4AC0-9F60-61C3DC953D87}.Debug|Any CPU.ActiveCfg = Debug|Any CPU
		{3B55B37D-CC02-4AC0-9F60-61C3DC953D87}.Debug|Any CPU.Build.0 = Debug|Any CPU
		{3B55B37D-CC02-4AC0-9F60-61C3DC953D87}.Release|Any CPU.ActiveCfg = Release|Any CPU
		{3B55B37D-CC02-4AC0-9F60-61C3DC953D87}.Release|Any CPU.Build.0 = Release|Any CPU
	EndGlobalSection
	GlobalSection(SolutionProperties) = preSolution
		HideSolutionNode = FALSE
	EndGlobalSection
	GlobalSection(ExtensibilityGlobals) = postSolution
		SolutionGuid = {CEC95D8A-33D1-4053-9CD8-4F93FDB8CF2A}
	EndGlobalSection
EndGlobal
