
Microsoft Visual Studio Solution File, Format Version 12.00
# Visual Studio 15
VisualStudioVersion = 15.0.28307.329
MinimumVisualStudioVersion = 10.0.40219.1
Project("{FAE04EC0-301F-11D3-BF4B-00C04F79EFBC}") = "List Of Predicates", "List Of Predicates\List Of Predicates.csproj", "{53C0E56F-564A-4314-B379-1E78E4AF6FAB}"
EndProject
Global
	GlobalSection(SolutionConfigurationPlatforms) = preSolution
		Debug|Any CPU = Debug|Any CPU
		Release|Any CPU = Release|Any CPU
	EndGlobalSection
	GlobalSection(ProjectConfigurationPlatforms) = postSolution
		{53C0E56F-564A-4314-B379-1E78E4AF6FAB}.Debug|Any CPU.ActiveCfg = Debug|Any CPU
		{53C0E56F-564A-4314-B379-1E78E4AF6FAB}.Debug|Any CPU.Build.0 = Debug|Any CPU
		{53C0E56F-564A-4314-B379-1E78E4AF6FAB}.Release|Any CPU.ActiveCfg = Release|Any CPU
		{53C0E56F-564A-4314-B379-1E78E4AF6FAB}.Release|Any CPU.Build.0 = Release|Any CPU
	EndGlobalSection
	GlobalSection(SolutionProperties) = preSolution
		HideSolutionNode = FALSE
	EndGlobalSection
	GlobalSection(ExtensibilityGlobals) = postSolution
		SolutionGuid = {D8D0047A-9E80-4C84-8290-7FF0429F1573}
	EndGlobalSection
EndGlobal
