
Microsoft Visual Studio Solution File, Format Version 12.00
# Visual Studio 15
VisualStudioVersion = 15.0.28307.329
MinimumVisualStudioVersion = 10.0.40219.1
Project("{FAE04EC0-301F-11D3-BF4B-00C04F79EFBC}") = "Line Numbers", "Line Numbers\Line Numbers.csproj", "{29211112-ABDF-4647-AAD6-A95BB3A565EB}"
EndProject
Global
	GlobalSection(SolutionConfigurationPlatforms) = preSolution
		Debug|Any CPU = Debug|Any CPU
		Release|Any CPU = Release|Any CPU
	EndGlobalSection
	GlobalSection(ProjectConfigurationPlatforms) = postSolution
		{29211112-ABDF-4647-AAD6-A95BB3A565EB}.Debug|Any CPU.ActiveCfg = Debug|Any CPU
		{29211112-ABDF-4647-AAD6-A95BB3A565EB}.Debug|Any CPU.Build.0 = Debug|Any CPU
		{29211112-ABDF-4647-AAD6-A95BB3A565EB}.Release|Any CPU.ActiveCfg = Release|Any CPU
		{29211112-ABDF-4647-AAD6-A95BB3A565EB}.Release|Any CPU.Build.0 = Release|Any CPU
	EndGlobalSection
	GlobalSection(SolutionProperties) = preSolution
		HideSolutionNode = FALSE
	EndGlobalSection
	GlobalSection(ExtensibilityGlobals) = postSolution
		SolutionGuid = {395128CF-D356-4A29-8794-24E1E2452349}
	EndGlobalSection
EndGlobal
