
Microsoft Visual Studio Solution File, Format Version 12.00
# Visual Studio 15
VisualStudioVersion = 15.0.28307.329
MinimumVisualStudioVersion = 10.0.40219.1
Project("{FAE04EC0-301F-11D3-BF4B-00C04F79EFBC}") = "Multiply Big Number", "Multiply Big Number\Multiply Big Number.csproj", "{52D4134F-27F6-43A8-B1F5-3127A4277948}"
EndProject
Global
	GlobalSection(SolutionConfigurationPlatforms) = preSolution
		Debug|Any CPU = Debug|Any CPU
		Release|Any CPU = Release|Any CPU
	EndGlobalSection
	GlobalSection(ProjectConfigurationPlatforms) = postSolution
		{52D4134F-27F6-43A8-B1F5-3127A4277948}.Debug|Any CPU.ActiveCfg = Debug|Any CPU
		{52D4134F-27F6-43A8-B1F5-3127A4277948}.Debug|Any CPU.Build.0 = Debug|Any CPU
		{52D4134F-27F6-43A8-B1F5-3127A4277948}.Release|Any CPU.ActiveCfg = Release|Any CPU
		{52D4134F-27F6-43A8-B1F5-3127A4277948}.Release|Any CPU.Build.0 = Release|Any CPU
	EndGlobalSection
	GlobalSection(SolutionProperties) = preSolution
		HideSolutionNode = FALSE
	EndGlobalSection
	GlobalSection(ExtensibilityGlobals) = postSolution
		SolutionGuid = {8AD86140-0AB5-4613-B240-E0D88BB74FC8}
	EndGlobalSection
EndGlobal
