
Microsoft Visual Studio Solution File, Format Version 12.00
# Visual Studio 15
VisualStudioVersion = 15.0.28307.329
MinimumVisualStudioVersion = 10.0.40219.1
Project("{FAE04EC0-301F-11D3-BF4B-00C04F79EFBC}") = "Simple Text Editor", "Simple Text Editor\Simple Text Editor.csproj", "{F157D275-20B5-4318-9134-A5DDAA73F77B}"
EndProject
Global
	GlobalSection(SolutionConfigurationPlatforms) = preSolution
		Debug|Any CPU = Debug|Any CPU
		Release|Any CPU = Release|Any CPU
	EndGlobalSection
	GlobalSection(ProjectConfigurationPlatforms) = postSolution
		{F157D275-20B5-4318-9134-A5DDAA73F77B}.Debug|Any CPU.ActiveCfg = Debug|Any CPU
		{F157D275-20B5-4318-9134-A5DDAA73F77B}.Debug|Any CPU.Build.0 = Debug|Any CPU
		{F157D275-20B5-4318-9134-A5DDAA73F77B}.Release|Any CPU.ActiveCfg = Release|Any CPU
		{F157D275-20B5-4318-9134-A5DDAA73F77B}.Release|Any CPU.Build.0 = Release|Any CPU
	EndGlobalSection
	GlobalSection(SolutionProperties) = preSolution
		HideSolutionNode = FALSE
	EndGlobalSection
	GlobalSection(ExtensibilityGlobals) = postSolution
		SolutionGuid = {B868B597-BB99-45E2-BB92-42394D7F5812}
	EndGlobalSection
EndGlobal
