
Microsoft Visual Studio Solution File, Format Version 12.00
# Visual Studio 15
VisualStudioVersion = 15.0.28307.329
MinimumVisualStudioVersion = 10.0.40219.1
Project("{FAE04EC0-301F-11D3-BF4B-00C04F79EFBC}") = "Custom Min Func", "Custom Min Func\Custom Min Func.csproj", "{7EEA5051-A154-48D1-BE48-94E9FB7B4D9D}"
EndProject
Global
	GlobalSection(SolutionConfigurationPlatforms) = preSolution
		Debug|Any CPU = Debug|Any CPU
		Release|Any CPU = Release|Any CPU
	EndGlobalSection
	GlobalSection(ProjectConfigurationPlatforms) = postSolution
		{7EEA5051-A154-48D1-BE48-94E9FB7B4D9D}.Debug|Any CPU.ActiveCfg = Debug|Any CPU
		{7EEA5051-A154-48D1-BE48-94E9FB7B4D9D}.Debug|Any CPU.Build.0 = Debug|Any CPU
		{7EEA5051-A154-48D1-BE48-94E9FB7B4D9D}.Release|Any CPU.ActiveCfg = Release|Any CPU
		{7EEA5051-A154-48D1-BE48-94E9FB7B4D9D}.Release|Any CPU.Build.0 = Release|Any CPU
	EndGlobalSection
	GlobalSection(SolutionProperties) = preSolution
		HideSolutionNode = FALSE
	EndGlobalSection
	GlobalSection(ExtensibilityGlobals) = postSolution
		SolutionGuid = {0084B711-1F10-424D-AA27-3BC6E11747F7}
	EndGlobalSection
EndGlobal
