
Microsoft Visual Studio Solution File, Format Version 12.00
# Visual Studio 15
VisualStudioVersion = 15.0.28307.329
MinimumVisualStudioVersion = 10.0.40219.1
Project("{FAE04EC0-301F-11D3-BF4B-00C04F79EFBC}") = "Sum Numbers", "Sum Numbers\Sum Numbers.csproj", "{AF0120A6-81E0-41D8-8C2D-DDB2E82B8695}"
EndProject
Global
	GlobalSection(SolutionConfigurationPlatforms) = preSolution
		Debug|Any CPU = Debug|Any CPU
		Release|Any CPU = Release|Any CPU
	EndGlobalSection
	GlobalSection(ProjectConfigurationPlatforms) = postSolution
		{AF0120A6-81E0-41D8-8C2D-DDB2E82B8695}.Debug|Any CPU.ActiveCfg = Debug|Any CPU
		{AF0120A6-81E0-41D8-8C2D-DDB2E82B8695}.Debug|Any CPU.Build.0 = Debug|Any CPU
		{AF0120A6-81E0-41D8-8C2D-DDB2E82B8695}.Release|Any CPU.ActiveCfg = Release|Any CPU
		{AF0120A6-81E0-41D8-8C2D-DDB2E82B8695}.Release|Any CPU.Build.0 = Release|Any CPU
	EndGlobalSection
	GlobalSection(SolutionProperties) = preSolution
		HideSolutionNode = FALSE
	EndGlobalSection
	GlobalSection(ExtensibilityGlobals) = postSolution
		SolutionGuid = {C1D32013-0071-405E-AB29-3B95FE97A5FC}
	EndGlobalSection
EndGlobal
