
Microsoft Visual Studio Solution File, Format Version 12.00
# Visual Studio 15
VisualStudioVersion = 15.0.28307.329
MinimumVisualStudioVersion = 10.0.40219.1
Project("{FAE04EC0-301F-11D3-BF4B-00C04F79EFBC}") = "Reverse String", "Reverse String\Reverse String.csproj", "{FA36A215-18DB-410D-9FEE-51516F1C7DD7}"
EndProject
Global
	GlobalSection(SolutionConfigurationPlatforms) = preSolution
		Debug|Any CPU = Debug|Any CPU
		Release|Any CPU = Release|Any CPU
	EndGlobalSection
	GlobalSection(ProjectConfigurationPlatforms) = postSolution
		{FA36A215-18DB-410D-9FEE-51516F1C7DD7}.Debug|Any CPU.ActiveCfg = Debug|Any CPU
		{FA36A215-18DB-410D-9FEE-51516F1C7DD7}.Debug|Any CPU.Build.0 = Debug|Any CPU
		{FA36A215-18DB-410D-9FEE-51516F1C7DD7}.Release|Any CPU.ActiveCfg = Release|Any CPU
		{FA36A215-18DB-410D-9FEE-51516F1C7DD7}.Release|Any CPU.Build.0 = Release|Any CPU
	EndGlobalSection
	GlobalSection(SolutionProperties) = preSolution
		HideSolutionNode = FALSE
	EndGlobalSection
	GlobalSection(ExtensibilityGlobals) = postSolution
		SolutionGuid = {A532CEAF-AF9B-4119-A7DF-CF5FA2D7F854}
	EndGlobalSection
EndGlobal
