
Microsoft Visual Studio Solution File, Format Version 12.00
# Visual Studio 15
VisualStudioVersion = 15.0.28307.329
MinimumVisualStudioVersion = 10.0.40219.1
Project("{FAE04EC0-301F-11D3-BF4B-00C04F79EFBC}") = "Sort Even Numbers", "Sort Even Numbers\Sort Even Numbers.csproj", "{7C119E91-DF9C-4B6D-96D3-F6CE35F8EAD9}"
EndProject
Global
	GlobalSection(SolutionConfigurationPlatforms) = preSolution
		Debug|Any CPU = Debug|Any CPU
		Release|Any CPU = Release|Any CPU
	EndGlobalSection
	GlobalSection(ProjectConfigurationPlatforms) = postSolution
		{7C119E91-DF9C-4B6D-96D3-F6CE35F8EAD9}.Debug|Any CPU.ActiveCfg = Debug|Any CPU
		{7C119E91-DF9C-4B6D-96D3-F6CE35F8EAD9}.Debug|Any CPU.Build.0 = Debug|Any CPU
		{7C119E91-DF9C-4B6D-96D3-F6CE35F8EAD9}.Release|Any CPU.ActiveCfg = Release|Any CPU
		{7C119E91-DF9C-4B6D-96D3-F6CE35F8EAD9}.Release|Any CPU.Build.0 = Release|Any CPU
	EndGlobalSection
	GlobalSection(SolutionProperties) = preSolution
		HideSolutionNode = FALSE
	EndGlobalSection
	GlobalSection(ExtensibilityGlobals) = postSolution
		SolutionGuid = {5473AF94-03BD-4C1F-A9C5-DE537556FF17}
	EndGlobalSection
EndGlobal
