
Microsoft Visual Studio Solution File, Format Version 12.00
# Visual Studio 15
VisualStudioVersion = 15.0.28307.329
MinimumVisualStudioVersion = 10.0.40219.1
Project("{FAE04EC0-301F-11D3-BF4B-00C04F79EFBC}") = "Word Count", "Word Count\Word Count.csproj", "{4ABE7CBB-A476-4CD9-A4B3-8893B5863805}"
EndProject
Global
	GlobalSection(SolutionConfigurationPlatforms) = preSolution
		Debug|Any CPU = Debug|Any CPU
		Release|Any CPU = Release|Any CPU
	EndGlobalSection
	GlobalSection(ProjectConfigurationPlatforms) = postSolution
		{4ABE7CBB-A476-4CD9-A4B3-8893B5863805}.Debug|Any CPU.ActiveCfg = Debug|Any CPU
		{4ABE7CBB-A476-4CD9-A4B3-8893B5863805}.Debug|Any CPU.Build.0 = Debug|Any CPU
		{4ABE7CBB-A476-4CD9-A4B3-8893B5863805}.Release|Any CPU.ActiveCfg = Release|Any CPU
		{4ABE7CBB-A476-4CD9-A4B3-8893B5863805}.Release|Any CPU.Build.0 = Release|Any CPU
	EndGlobalSection
	GlobalSection(SolutionProperties) = preSolution
		HideSolutionNode = FALSE
	EndGlobalSection
	GlobalSection(ExtensibilityGlobals) = postSolution
		SolutionGuid = {98A5704F-D56A-4B63-BBB0-4436AEBBB2D3}
	EndGlobalSection
EndGlobal
