
Microsoft Visual Studio Solution File, Format Version 12.00
# Visual Studio 15
VisualStudioVersion = 15.0.28307.329
MinimumVisualStudioVersion = 10.0.40219.1
Project("{FAE04EC0-301F-11D3-BF4B-00C04F79EFBC}") = "Fast Food", "Fast Food\Fast Food.csproj", "{31C21701-2B6F-44DC-A6FB-7C1F00B11DB5}"
EndProject
Global
	GlobalSection(SolutionConfigurationPlatforms) = preSolution
		Debug|Any CPU = Debug|Any CPU
		Release|Any CPU = Release|Any CPU
	EndGlobalSection
	GlobalSection(ProjectConfigurationPlatforms) = postSolution
		{31C21701-2B6F-44DC-A6FB-7C1F00B11DB5}.Debug|Any CPU.ActiveCfg = Debug|Any CPU
		{31C21701-2B6F-44DC-A6FB-7C1F00B11DB5}.Debug|Any CPU.Build.0 = Debug|Any CPU
		{31C21701-2B6F-44DC-A6FB-7C1F00B11DB5}.Release|Any CPU.ActiveCfg = Release|Any CPU
		{31C21701-2B6F-44DC-A6FB-7C1F00B11DB5}.Release|Any CPU.Build.0 = Release|Any CPU
	EndGlobalSection
	GlobalSection(SolutionProperties) = preSolution
		HideSolutionNode = FALSE
	EndGlobalSection
	GlobalSection(ExtensibilityGlobals) = postSolution
		SolutionGuid = {92A8A988-55F2-40CF-9B09-543710978E07}
	EndGlobalSection
EndGlobal
