
Microsoft Visual Studio Solution File, Format Version 12.00
# Visual Studio 15
VisualStudioVersion = 15.0.28307.329
MinimumVisualStudioVersion = 10.0.40219.1
Project("{FAE04EC0-301F-11D3-BF4B-00C04F79EFBC}") = "Even Lines", "Even Lines\Even Lines.csproj", "{2EA33A23-354F-43A8-BD9D-979356F99F92}"
EndProject
Global
	GlobalSection(SolutionConfigurationPlatforms) = preSolution
		Debug|Any CPU = Debug|Any CPU
		Release|Any CPU = Release|Any CPU
	EndGlobalSection
	GlobalSection(ProjectConfigurationPlatforms) = postSolution
		{2EA33A23-354F-43A8-BD9D-979356F99F92}.Debug|Any CPU.ActiveCfg = Debug|Any CPU
		{2EA33A23-354F-43A8-BD9D-979356F99F92}.Debug|Any CPU.Build.0 = Debug|Any CPU
		{2EA33A23-354F-43A8-BD9D-979356F99F92}.Release|Any CPU.ActiveCfg = Release|Any CPU
		{2EA33A23-354F-43A8-BD9D-979356F99F92}.Release|Any CPU.Build.0 = Release|Any CPU
	EndGlobalSection
	GlobalSection(SolutionProperties) = preSolution
		HideSolutionNode = FALSE
	EndGlobalSection
	GlobalSection(ExtensibilityGlobals) = postSolution
		SolutionGuid = {EBBEB6BE-88FC-400D-B505-A66520EF08A6}
	EndGlobalSection
EndGlobal
