
Microsoft Visual Studio Solution File, Format Version 12.00
# Visual Studio Version 16
VisualStudioVersion = 16.0.29424.173
MinimumVisualStudioVersion = 10.0.40219.1
Project("{FAE04EC0-301F-11D3-BF4B-00C04F79EFBC}") = "Wild Farm", "Wild Farm\Wild Farm.csproj", "{FF289CD7-74F7-4B8D-A965-B16E27ECE0FC}"
EndProject
Global
	GlobalSection(SolutionConfigurationPlatforms) = preSolution
		Debug|Any CPU = Debug|Any CPU
		Release|Any CPU = Release|Any CPU
	EndGlobalSection
	GlobalSection(ProjectConfigurationPlatforms) = postSolution
		{FF289CD7-74F7-4B8D-A965-B16E27ECE0FC}.Debug|Any CPU.ActiveCfg = Debug|Any CPU
		{FF289CD7-74F7-4B8D-A965-B16E27ECE0FC}.Debug|Any CPU.Build.0 = Debug|Any CPU
		{FF289CD7-74F7-4B8D-A965-B16E27ECE0FC}.Release|Any CPU.ActiveCfg = Release|Any CPU
		{FF289CD7-74F7-4B8D-A965-B16E27ECE0FC}.Release|Any CPU.Build.0 = Release|Any CPU
	EndGlobalSection
	GlobalSection(SolutionProperties) = preSolution
		HideSolutionNode = FALSE
	EndGlobalSection
	GlobalSection(ExtensibilityGlobals) = postSolution
		SolutionGuid = {12C6327D-9FA5-4C44-B30C-82E9665E4BD0}
	EndGlobalSection
EndGlobal
