
Microsoft Visual Studio Solution File, Format Version 12.00
# Visual Studio 15
VisualStudioVersion = 15.0.28307.329
MinimumVisualStudioVersion = 10.0.40219.1
Project("{FAE04EC0-301F-11D3-BF4B-00C04F79EFBC}") = "Sets Of Elements", "Sets Of Elements\Sets Of Elements.csproj", "{3BE24F11-235F-40BF-B817-4D46E4F933DD}"
EndProject
Global
	GlobalSection(SolutionConfigurationPlatforms) = preSolution
		Debug|Any CPU = Debug|Any CPU
		Release|Any CPU = Release|Any CPU
	EndGlobalSection
	GlobalSection(ProjectConfigurationPlatforms) = postSolution
		{3BE24F11-235F-40BF-B817-4D46E4F933DD}.Debug|Any CPU.ActiveCfg = Debug|Any CPU
		{3BE24F11-235F-40BF-B817-4D46E4F933DD}.Debug|Any CPU.Build.0 = Debug|Any CPU
		{3BE24F11-235F-40BF-B817-4D46E4F933DD}.Release|Any CPU.ActiveCfg = Release|Any CPU
		{3BE24F11-235F-40BF-B817-4D46E4F933DD}.Release|Any CPU.Build.0 = Release|Any CPU
	EndGlobalSection
	GlobalSection(SolutionProperties) = preSolution
		HideSolutionNode = FALSE
	EndGlobalSection
	GlobalSection(ExtensibilityGlobals) = postSolution
		SolutionGuid = {AA54142D-8872-44D0-948D-FA4AA7467CD0}
	EndGlobalSection
EndGlobal
