
Microsoft Visual Studio Solution File, Format Version 12.00
# Visual Studio 15
VisualStudioVersion = 15.0.28307.329
MinimumVisualStudioVersion = 10.0.40219.1
Project("{FAE04EC0-301F-11D3-BF4B-00C04F79EFBC}") = "Knights Of Honor", "Knights Of Honor\Knights Of Honor.csproj", "{F649A9EC-5E44-4E08-A912-0CDEB044D678}"
EndProject
Global
	GlobalSection(SolutionConfigurationPlatforms) = preSolution
		Debug|Any CPU = Debug|Any CPU
		Release|Any CPU = Release|Any CPU
	EndGlobalSection
	GlobalSection(ProjectConfigurationPlatforms) = postSolution
		{F649A9EC-5E44-4E08-A912-0CDEB044D678}.Debug|Any CPU.ActiveCfg = Debug|Any CPU
		{F649A9EC-5E44-4E08-A912-0CDEB044D678}.Debug|Any CPU.Build.0 = Debug|Any CPU
		{F649A9EC-5E44-4E08-A912-0CDEB044D678}.Release|Any CPU.ActiveCfg = Release|Any CPU
		{F649A9EC-5E44-4E08-A912-0CDEB044D678}.Release|Any CPU.Build.0 = Release|Any CPU
	EndGlobalSection
	GlobalSection(SolutionProperties) = preSolution
		HideSolutionNode = FALSE
	EndGlobalSection
	GlobalSection(ExtensibilityGlobals) = postSolution
		SolutionGuid = {72265157-1872-4256-9C34-85EE45CB69D2}
	EndGlobalSection
EndGlobal
