
Microsoft Visual Studio Solution File, Format Version 12.00
# Visual Studio 15
VisualStudioVersion = 15.0.28307.329
MinimumVisualStudioVersion = 10.0.40219.1
Project("{FAE04EC0-301F-11D3-BF4B-00C04F79EFBC}") = "Car", "Car\Car.csproj", "{CECED2AE-29F8-4E40-B024-E9F8E30C9D57}"
EndProject
Global
	GlobalSection(SolutionConfigurationPlatforms) = preSolution
		Debug|Any CPU = Debug|Any CPU
		Release|Any CPU = Release|Any CPU
	EndGlobalSection
	GlobalSection(ProjectConfigurationPlatforms) = postSolution
		{CECED2AE-29F8-4E40-B024-E9F8E30C9D57}.Debug|Any CPU.ActiveCfg = Debug|Any CPU
		{CECED2AE-29F8-4E40-B024-E9F8E30C9D57}.Debug|Any CPU.Build.0 = Debug|Any CPU
		{CECED2AE-29F8-4E40-B024-E9F8E30C9D57}.Release|Any CPU.ActiveCfg = Release|Any CPU
		{CECED2AE-29F8-4E40-B024-E9F8E30C9D57}.Release|Any CPU.Build.0 = Release|Any CPU
	EndGlobalSection
	GlobalSection(SolutionProperties) = preSolution
		HideSolutionNode = FALSE
	EndGlobalSection
	GlobalSection(ExtensibilityGlobals) = postSolution
		SolutionGuid = {E3BF4F76-6015-45D1-B17D-C54FCDE77FCF}
	EndGlobalSection
EndGlobal
