
Microsoft Visual Studio Solution File, Format Version 12.00
# Visual Studio Version 16
VisualStudioVersion = 16.0.29424.173
MinimumVisualStudioVersion = 10.0.40219.1
Project("{FAE04EC0-301F-11D3-BF4B-00C04F79EFBC}") = "Shopping Spree", "Shopping Spree\Shopping Spree.csproj", "{D22D4EC3-F128-4C1C-A99A-9389D461579F}"
EndProject
Global
	GlobalSection(SolutionConfigurationPlatforms) = preSolution
		Debug|Any CPU = Debug|Any CPU
		Release|Any CPU = Release|Any CPU
	EndGlobalSection
	GlobalSection(ProjectConfigurationPlatforms) = postSolution
		{D22D4EC3-F128-4C1C-A99A-9389D461579F}.Debug|Any CPU.ActiveCfg = Debug|Any CPU
		{D22D4EC3-F128-4C1C-A99A-9389D461579F}.Debug|Any CPU.Build.0 = Debug|Any CPU
		{D22D4EC3-F128-4C1C-A99A-9389D461579F}.Release|Any CPU.ActiveCfg = Release|Any CPU
		{D22D4EC3-F128-4C1C-A99A-9389D461579F}.Release|Any CPU.Build.0 = Release|Any CPU
	EndGlobalSection
	GlobalSection(SolutionProperties) = preSolution
		HideSolutionNode = FALSE
	EndGlobalSection
	GlobalSection(ExtensibilityGlobals) = postSolution
		SolutionGuid = {46821D13-6E85-42FF-A4B8-D54B74B0FE97}
	EndGlobalSection
EndGlobal
