
Microsoft Visual Studio Solution File, Format Version 12.00
# Visual Studio 15
VisualStudioVersion = 15.0.28307.329
MinimumVisualStudioVersion = 10.0.40219.1
Project("{FAE04EC0-301F-11D3-BF4B-00C04F79EFBC}") = "City by Continent and Country", "City by Continent and Country\City by Continent and Country.csproj", "{861FA9E1-559E-4F80-914F-5F104A7421A0}"
EndProject
Global
	GlobalSection(SolutionConfigurationPlatforms) = preSolution
		Debug|Any CPU = Debug|Any CPU
		Release|Any CPU = Release|Any CPU
	EndGlobalSection
	GlobalSection(ProjectConfigurationPlatforms) = postSolution
		{861FA9E1-559E-4F80-914F-5F104A7421A0}.Debug|Any CPU.ActiveCfg = Debug|Any CPU
		{861FA9E1-559E-4F80-914F-5F104A7421A0}.Debug|Any CPU.Build.0 = Debug|Any CPU
		{861FA9E1-559E-4F80-914F-5F104A7421A0}.Release|Any CPU.ActiveCfg = Release|Any CPU
		{861FA9E1-559E-4F80-914F-5F104A7421A0}.Release|Any CPU.Build.0 = Release|Any CPU
	EndGlobalSection
	GlobalSection(SolutionProperties) = preSolution
		HideSolutionNode = FALSE
	EndGlobalSection
	GlobalSection(ExtensibilityGlobals) = postSolution
		SolutionGuid = {7ED13D20-25FB-42BC-8A88-BBAEAEACEC71}
	EndGlobalSection
EndGlobal
