
Microsoft Visual Studio Solution File, Format Version 12.00
# Visual Studio 15
VisualStudioVersion = 15.0.28307.329
MinimumVisualStudioVersion = 10.0.40219.1
Project("{FAE04EC0-301F-11D3-BF4B-00C04F79EFBC}") = "Array Rotation", "Array Rotation\Array Rotation.csproj", "{64EB8C99-A759-40AC-A7E4-0D228994CF76}"
EndProject
Global
	GlobalSection(SolutionConfigurationPlatforms) = preSolution
		Debug|Any CPU = Debug|Any CPU
		Release|Any CPU = Release|Any CPU
	EndGlobalSection
	GlobalSection(ProjectConfigurationPlatforms) = postSolution
		{64EB8C99-A759-40AC-A7E4-0D228994CF76}.Debug|Any CPU.ActiveCfg = Debug|Any CPU
		{64EB8C99-A759-40AC-A7E4-0D228994CF76}.Debug|Any CPU.Build.0 = Debug|Any CPU
		{64EB8C99-A759-40AC-A7E4-0D228994CF76}.Release|Any CPU.ActiveCfg = Release|Any CPU
		{64EB8C99-A759-40AC-A7E4-0D228994CF76}.Release|Any CPU.Build.0 = Release|Any CPU
	EndGlobalSection
	GlobalSection(SolutionProperties) = preSolution
		HideSolutionNode = FALSE
	EndGlobalSection
	GlobalSection(ExtensibilityGlobals) = postSolution
		SolutionGuid = {2BA8320C-F01D-484E-8B09-2B02E699872B}
	EndGlobalSection
EndGlobal
