
Microsoft Visual Studio Solution File, Format Version 12.00
# Visual Studio 15
VisualStudioVersion = 15.0.28307.329
MinimumVisualStudioVersion = 10.0.40219.1
Project("{FAE04EC0-301F-11D3-BF4B-00C04F79EFBC}") = "Slice a File", "Slice a File\Slice a File.csproj", "{885A00F4-2557-4910-AD83-1B7B2B92A022}"
EndProject
Global
	GlobalSection(SolutionConfigurationPlatforms) = preSolution
		Debug|Any CPU = Debug|Any CPU
		Release|Any CPU = Release|Any CPU
	EndGlobalSection
	GlobalSection(ProjectConfigurationPlatforms) = postSolution
		{885A00F4-2557-4910-AD83-1B7B2B92A022}.Debug|Any CPU.ActiveCfg = Debug|Any CPU
		{885A00F4-2557-4910-AD83-1B7B2B92A022}.Debug|Any CPU.Build.0 = Debug|Any CPU
		{885A00F4-2557-4910-AD83-1B7B2B92A022}.Release|Any CPU.ActiveCfg = Release|Any CPU
		{885A00F4-2557-4910-AD83-1B7B2B92A022}.Release|Any CPU.Build.0 = Release|Any CPU
	EndGlobalSection
	GlobalSection(SolutionProperties) = preSolution
		HideSolutionNode = FALSE
	EndGlobalSection
	GlobalSection(ExtensibilityGlobals) = postSolution
		SolutionGuid = {5EF0F7BD-0994-4BB8-9653-7901A4882E60}
	EndGlobalSection
EndGlobal
