
Microsoft Visual Studio Solution File, Format Version 12.00
# Visual Studio Version 16
VisualStudioVersion = 16.0.29424.173
MinimumVisualStudioVersion = 10.0.40219.1
Project("{FAE04EC0-301F-11D3-BF4B-00C04F79EFBC}") = "StartUp", "StartUp\StartUp.csproj", "{1D79EDA6-A15B-476E-B9CE-74871AA27E84}"
EndProject
Global
	GlobalSection(SolutionConfigurationPlatforms) = preSolution
		Debug|Any CPU = Debug|Any CPU
		Release|Any CPU = Release|Any CPU
	EndGlobalSection
	GlobalSection(ProjectConfigurationPlatforms) = postSolution
		{1D79EDA6-A15B-476E-B9CE-74871AA27E84}.Debug|Any CPU.ActiveCfg = Debug|Any CPU
		{1D79EDA6-A15B-476E-B9CE-74871AA27E84}.Debug|Any CPU.Build.0 = Debug|Any CPU
		{1D79EDA6-A15B-476E-B9CE-74871AA27E84}.Release|Any CPU.ActiveCfg = Release|Any CPU
		{1D79EDA6-A15B-476E-B9CE-74871AA27E84}.Release|Any CPU.Build.0 = Release|Any CPU
	EndGlobalSection
	GlobalSection(SolutionProperties) = preSolution
		HideSolutionNode = FALSE
	EndGlobalSection
	GlobalSection(ExtensibilityGlobals) = postSolution
		SolutionGuid = {E8B1B5AF-7C39-40BC-A5C0-8F75C63ADA6B}
	EndGlobalSection
EndGlobal
