
Microsoft Visual Studio Solution File, Format Version 12.00
# Visual Studio 15
VisualStudioVersion = 15.0.28307.329
MinimumVisualStudioVersion = 10.0.40219.1
Project("{FAE04EC0-301F-11D3-BF4B-00C04F79EFBC}") = "Periodic Table", "Periodic Table\Periodic Table.csproj", "{FDB1E5B2-B6C9-4A07-B91D-88D24DE9F2D2}"
EndProject
Global
	GlobalSection(SolutionConfigurationPlatforms) = preSolution
		Debug|Any CPU = Debug|Any CPU
		Release|Any CPU = Release|Any CPU
	EndGlobalSection
	GlobalSection(ProjectConfigurationPlatforms) = postSolution
		{FDB1E5B2-B6C9-4A07-B91D-88D24DE9F2D2}.Debug|Any CPU.ActiveCfg = Debug|Any CPU
		{FDB1E5B2-B6C9-4A07-B91D-88D24DE9F2D2}.Debug|Any CPU.Build.0 = Debug|Any CPU
		{FDB1E5B2-B6C9-4A07-B91D-88D24DE9F2D2}.Release|Any CPU.ActiveCfg = Release|Any CPU
		{FDB1E5B2-B6C9-4A07-B91D-88D24DE9F2D2}.Release|Any CPU.Build.0 = Release|Any CPU
	EndGlobalSection
	GlobalSection(SolutionProperties) = preSolution
		HideSolutionNode = FALSE
	EndGlobalSection
	GlobalSection(ExtensibilityGlobals) = postSolution
		SolutionGuid = {5AAE7F98-69DA-41F1-91B6-043CA7974BBE}
	EndGlobalSection
EndGlobal
