
Microsoft Visual Studio Solution File, Format Version 12.00
# Visual Studio 15
VisualStudioVersion = 15.0.28307.329
MinimumVisualStudioVersion = 10.0.40219.1
Project("{FAE04EC0-301F-11D3-BF4B-00C04F79EFBC}") = "Count Symbols", "Count Symbols\Count Symbols.csproj", "{19F86EB0-24BF-4429-8AF5-A3B1E8CDB8AA}"
EndProject
Global
	GlobalSection(SolutionConfigurationPlatforms) = preSolution
		Debug|Any CPU = Debug|Any CPU
		Release|Any CPU = Release|Any CPU
	EndGlobalSection
	GlobalSection(ProjectConfigurationPlatforms) = postSolution
		{19F86EB0-24BF-4429-8AF5-A3B1E8CDB8AA}.Debug|Any CPU.ActiveCfg = Debug|Any CPU
		{19F86EB0-24BF-4429-8AF5-A3B1E8CDB8AA}.Debug|Any CPU.Build.0 = Debug|Any CPU
		{19F86EB0-24BF-4429-8AF5-A3B1E8CDB8AA}.Release|Any CPU.ActiveCfg = Release|Any CPU
		{19F86EB0-24BF-4429-8AF5-A3B1E8CDB8AA}.Release|Any CPU.Build.0 = Release|Any CPU
	EndGlobalSection
	GlobalSection(SolutionProperties) = preSolution
		HideSolutionNode = FALSE
	EndGlobalSection
	GlobalSection(ExtensibilityGlobals) = postSolution
		SolutionGuid = {C8586081-2921-488B-8883-2DBB514236DE}
	EndGlobalSection
EndGlobal
