
Microsoft Visual Studio Solution File, Format Version 12.00
# Visual Studio 15
VisualStudioVersion = 15.0.28307.329
MinimumVisualStudioVersion = 10.0.40219.1
Project("{FAE04EC0-301F-11D3-BF4B-00C04F79EFBC}") = "Folder Size", "Folder Size\Folder Size.csproj", "{76497379-BEF5-4428-957F-A58AADC9ED5C}"
EndProject
Global
	GlobalSection(SolutionConfigurationPlatforms) = preSolution
		Debug|Any CPU = Debug|Any CPU
		Release|Any CPU = Release|Any CPU
	EndGlobalSection
	GlobalSection(ProjectConfigurationPlatforms) = postSolution
		{76497379-BEF5-4428-957F-A58AADC9ED5C}.Debug|Any CPU.ActiveCfg = Debug|Any CPU
		{76497379-BEF5-4428-957F-A58AADC9ED5C}.Debug|Any CPU.Build.0 = Debug|Any CPU
		{76497379-BEF5-4428-957F-A58AADC9ED5C}.Release|Any CPU.ActiveCfg = Release|Any CPU
		{76497379-BEF5-4428-957F-A58AADC9ED5C}.Release|Any CPU.Build.0 = Release|Any CPU
	EndGlobalSection
	GlobalSection(SolutionProperties) = preSolution
		HideSolutionNode = FALSE
	EndGlobalSection
	GlobalSection(ExtensibilityGlobals) = postSolution
		SolutionGuid = {B7A46937-6DFB-4217-8787-1D3E387C2DC6}
	EndGlobalSection
EndGlobal
