
Microsoft Visual Studio Solution File, Format Version 12.00
# Visual Studio 15
VisualStudioVersion = 15.0.28307.329
MinimumVisualStudioVersion = 10.0.40219.1
Project("{FAE04EC0-301F-11D3-BF4B-00C04F79EFBC}") = "Even Times", "Even Times\Even Times.csproj", "{0CE90DD4-CBC4-4267-AF36-9900C1057BB2}"
EndProject
Global
	GlobalSection(SolutionConfigurationPlatforms) = preSolution
		Debug|Any CPU = Debug|Any CPU
		Release|Any CPU = Release|Any CPU
	EndGlobalSection
	GlobalSection(ProjectConfigurationPlatforms) = postSolution
		{0CE90DD4-CBC4-4267-AF36-9900C1057BB2}.Debug|Any CPU.ActiveCfg = Debug|Any CPU
		{0CE90DD4-CBC4-4267-AF36-9900C1057BB2}.Debug|Any CPU.Build.0 = Debug|Any CPU
		{0CE90DD4-CBC4-4267-AF36-9900C1057BB2}.Release|Any CPU.ActiveCfg = Release|Any CPU
		{0CE90DD4-CBC4-4267-AF36-9900C1057BB2}.Release|Any CPU.Build.0 = Release|Any CPU
	EndGlobalSection
	GlobalSection(SolutionProperties) = preSolution
		HideSolutionNode = FALSE
	EndGlobalSection
	GlobalSection(ExtensibilityGlobals) = postSolution
		SolutionGuid = {CED5C3E0-9AF3-419D-A8AD-1CB78AAD7D9E}
	EndGlobalSection
EndGlobal
