
Microsoft Visual Studio Solution File, Format Version 12.00
# Visual Studio 15
VisualStudioVersion = 15.0.28307.329
MinimumVisualStudioVersion = 10.0.40219.1
Project("{FAE04EC0-301F-11D3-BF4B-00C04F79EFBC}") = "TriFunction", "TriFunction\TriFunction.csproj", "{1764274C-D229-41D0-942E-10A8CF3DBCAC}"
EndProject
Global
	GlobalSection(SolutionConfigurationPlatforms) = preSolution
		Debug|Any CPU = Debug|Any CPU
		Release|Any CPU = Release|Any CPU
	EndGlobalSection
	GlobalSection(ProjectConfigurationPlatforms) = postSolution
		{1764274C-D229-41D0-942E-10A8CF3DBCAC}.Debug|Any CPU.ActiveCfg = Debug|Any CPU
		{1764274C-D229-41D0-942E-10A8CF3DBCAC}.Debug|Any CPU.Build.0 = Debug|Any CPU
		{1764274C-D229-41D0-942E-10A8CF3DBCAC}.Release|Any CPU.ActiveCfg = Release|Any CPU
		{1764274C-D229-41D0-942E-10A8CF3DBCAC}.Release|Any CPU.Build.0 = Release|Any CPU
	EndGlobalSection
	GlobalSection(SolutionProperties) = preSolution
		HideSolutionNode = FALSE
	EndGlobalSection
	GlobalSection(ExtensibilityGlobals) = postSolution
		SolutionGuid = {B07ADFF9-97E6-401E-A8DD-0C440518CD3D}
	EndGlobalSection
EndGlobal
