
Microsoft Visual Studio Solution File, Format Version 12.00
# Visual Studio 15
VisualStudioVersion = 15.0.28307.329
MinimumVisualStudioVersion = 10.0.40219.1
Project("{FAE04EC0-301F-11D3-BF4B-00C04F79EFBC}") = "Magic Sum", "Magic Sum\Magic Sum.csproj", "{6346F7CC-F4FF-4FA1-B42F-DA15F190B732}"
EndProject
Global
	GlobalSection(SolutionConfigurationPlatforms) = preSolution
		Debug|Any CPU = Debug|Any CPU
		Release|Any CPU = Release|Any CPU
	EndGlobalSection
	GlobalSection(ProjectConfigurationPlatforms) = postSolution
		{6346F7CC-F4FF-4FA1-B42F-DA15F190B732}.Debug|Any CPU.ActiveCfg = Debug|Any CPU
		{6346F7CC-F4FF-4FA1-B42F-DA15F190B732}.Debug|Any CPU.Build.0 = Debug|Any CPU
		{6346F7CC-F4FF-4FA1-B42F-DA15F190B732}.Release|Any CPU.ActiveCfg = Release|Any CPU
		{6346F7CC-F4FF-4FA1-B42F-DA15F190B732}.Release|Any CPU.Build.0 = Release|Any CPU
	EndGlobalSection
	GlobalSection(SolutionProperties) = preSolution
		HideSolutionNode = FALSE
	EndGlobalSection
	GlobalSection(ExtensibilityGlobals) = postSolution
		SolutionGuid = {C5F95E2F-6215-4FD8-A9DF-E562C042C157}
	EndGlobalSection
EndGlobal
