
Microsoft Visual Studio Solution File, Format Version 12.00
# Visual Studio Version 16
VisualStudioVersion = 16.0.29424.173
MinimumVisualStudioVersion = 10.0.40219.1
Project("{FAE04EC0-301F-11D3-BF4B-00C04F79EFBC}") = "StartUp", "StartUp\StartUp.csproj", "{F188DD29-D290-4BE2-9011-66B37A85919E}"
EndProject
Global
	GlobalSection(SolutionConfigurationPlatforms) = preSolution
		Debug|Any CPU = Debug|Any CPU
		Release|Any CPU = Release|Any CPU
	EndGlobalSection
	GlobalSection(ProjectConfigurationPlatforms) = postSolution
		{F188DD29-D290-4BE2-9011-66B37A85919E}.Debug|Any CPU.ActiveCfg = Debug|Any CPU
		{F188DD29-D290-4BE2-9011-66B37A85919E}.Debug|Any CPU.Build.0 = Debug|Any CPU
		{F188DD29-D290-4BE2-9011-66B37A85919E}.Release|Any CPU.ActiveCfg = Release|Any CPU
		{F188DD29-D290-4BE2-9011-66B37A85919E}.Release|Any CPU.Build.0 = Release|Any CPU
	EndGlobalSection
	GlobalSection(SolutionProperties) = preSolution
		HideSolutionNode = FALSE
	EndGlobalSection
	GlobalSection(ExtensibilityGlobals) = postSolution
		SolutionGuid = {0343C7D1-40A8-45BC-ACFF-0D1E88F3D338}
	EndGlobalSection
EndGlobal
