
Microsoft Visual Studio Solution File, Format Version 12.00
# Visual Studio 15
VisualStudioVersion = 15.0.28307.852
MinimumVisualStudioVersion = 10.0.40219.1
Project("{FAE04EC0-301F-11D3-BF4B-00C04F79EFBC}") = "Student System", "Student System\Student System.csproj", "{C880711C-8D16-46E2-99E1-D657E4031262}"
EndProject
Global
	GlobalSection(SolutionConfigurationPlatforms) = preSolution
		Debug|Any CPU = Debug|Any CPU
		Release|Any CPU = Release|Any CPU
	EndGlobalSection
	GlobalSection(ProjectConfigurationPlatforms) = postSolution
		{C880711C-8D16-46E2-99E1-D657E4031262}.Debug|Any CPU.ActiveCfg = Debug|Any CPU
		{C880711C-8D16-46E2-99E1-D657E4031262}.Debug|Any CPU.Build.0 = Debug|Any CPU
		{C880711C-8D16-46E2-99E1-D657E4031262}.Release|Any CPU.ActiveCfg = Release|Any CPU
		{C880711C-8D16-46E2-99E1-D657E4031262}.Release|Any CPU.Build.0 = Release|Any CPU
	EndGlobalSection
	GlobalSection(SolutionProperties) = preSolution
		HideSolutionNode = FALSE
	EndGlobalSection
	GlobalSection(ExtensibilityGlobals) = postSolution
		SolutionGuid = {CD6361B5-6BAC-48E3-BE3B-408E7F19F9CF}
	EndGlobalSection
EndGlobal
