
Microsoft Visual Studio Solution File, Format Version 12.00
# Visual Studio 15
VisualStudioVersion = 15.0.28307.329
MinimumVisualStudioVersion = 10.0.40219.1
Project("{FAE04EC0-301F-11D3-BF4B-00C04F79EFBC}") = "Record Unique Names", "Record Unique Names\Record Unique Names.csproj", "{35687E82-0769-4C32-BA75-4750D44A6397}"
EndProject
Global
	GlobalSection(SolutionConfigurationPlatforms) = preSolution
		Debug|Any CPU = Debug|Any CPU
		Release|Any CPU = Release|Any CPU
	EndGlobalSection
	GlobalSection(ProjectConfigurationPlatforms) = postSolution
		{35687E82-0769-4C32-BA75-4750D44A6397}.Debug|Any CPU.ActiveCfg = Debug|Any CPU
		{35687E82-0769-4C32-BA75-4750D44A6397}.Debug|Any CPU.Build.0 = Debug|Any CPU
		{35687E82-0769-4C32-BA75-4750D44A6397}.Release|Any CPU.ActiveCfg = Release|Any CPU
		{35687E82-0769-4C32-BA75-4750D44A6397}.Release|Any CPU.Build.0 = Release|Any CPU
	EndGlobalSection
	GlobalSection(SolutionProperties) = preSolution
		HideSolutionNode = FALSE
	EndGlobalSection
	GlobalSection(ExtensibilityGlobals) = postSolution
		SolutionGuid = {59EF177C-AB4F-420F-ACFC-60086ED95D2F}
	EndGlobalSection
EndGlobal
