
Microsoft Visual Studio Solution File, Format Version 12.00
# Visual Studio 15
VisualStudioVersion = 15.0.28307.329
MinimumVisualStudioVersion = 10.0.40219.1
Project("{FAE04EC0-301F-11D3-BF4B-00C04F79EFBC}") = "Knight Game", "Knight Game\Knight Game.csproj", "{00640962-FC87-4EFE-80C5-593EB20FD043}"
EndProject
Global
	GlobalSection(SolutionConfigurationPlatforms) = preSolution
		Debug|Any CPU = Debug|Any CPU
		Release|Any CPU = Release|Any CPU
	EndGlobalSection
	GlobalSection(ProjectConfigurationPlatforms) = postSolution
		{00640962-FC87-4EFE-80C5-593EB20FD043}.Debug|Any CPU.ActiveCfg = Debug|Any CPU
		{00640962-FC87-4EFE-80C5-593EB20FD043}.Debug|Any CPU.Build.0 = Debug|Any CPU
		{00640962-FC87-4EFE-80C5-593EB20FD043}.Release|Any CPU.ActiveCfg = Release|Any CPU
		{00640962-FC87-4EFE-80C5-593EB20FD043}.Release|Any CPU.Build.0 = Release|Any CPU
	EndGlobalSection
	GlobalSection(SolutionProperties) = preSolution
		HideSolutionNode = FALSE
	EndGlobalSection
	GlobalSection(ExtensibilityGlobals) = postSolution
		SolutionGuid = {B27B341D-D1FD-4F47-B88E-316CE9031FB3}
	EndGlobalSection
EndGlobal
