
Microsoft Visual Studio Solution File, Format Version 12.00
# Visual Studio 15
VisualStudioVersion = 15.0.28307.329
MinimumVisualStudioVersion = 10.0.40219.1
Project("{FAE04EC0-301F-11D3-BF4B-00C04F79EFBC}") = "Articles 2.0", "Articles 2.0\Articles 2.0.csproj", "{4BD921FE-86B3-4352-8CD1-52EDB1DCC449}"
EndProject
Global
	GlobalSection(SolutionConfigurationPlatforms) = preSolution
		Debug|Any CPU = Debug|Any CPU
		Release|Any CPU = Release|Any CPU
	EndGlobalSection
	GlobalSection(ProjectConfigurationPlatforms) = postSolution
		{4BD921FE-86B3-4352-8CD1-52EDB1DCC449}.Debug|Any CPU.ActiveCfg = Debug|Any CPU
		{4BD921FE-86B3-4352-8CD1-52EDB1DCC449}.Debug|Any CPU.Build.0 = Debug|Any CPU
		{4BD921FE-86B3-4352-8CD1-52EDB1DCC449}.Release|Any CPU.ActiveCfg = Release|Any CPU
		{4BD921FE-86B3-4352-8CD1-52EDB1DCC449}.Release|Any CPU.Build.0 = Release|Any CPU
	EndGlobalSection
	GlobalSection(SolutionProperties) = preSolution
		HideSolutionNode = FALSE
	EndGlobalSection
	GlobalSection(ExtensibilityGlobals) = postSolution
		SolutionGuid = {83349C52-BFBF-432F-B586-B9FEBB672EC1}
	EndGlobalSection
EndGlobal
